// !$*UTF8*$!
{
	archiveVersion = 1;
	classes = {
	};
	objectVersion = 55;
	objects = {

/* Begin PBXBuildFile section */
		8426CA3F2ABAD2F300600A98 /* CoreDataDemoViewModel.swift in Sources */ = {isa = PBXBuildFile; fileRef = 8426CA3E2ABAD2F300600A98 /* CoreDataDemoViewModel.swift */; };
		8426CA412ABB03B600600A98 /* VideoListViewModel.swift in Sources */ = {isa = PBXBuildFile; fileRef = 8426CA402ABB03B600600A98 /* VideoListViewModel.swift */; };
		842820332A9E13CD0042F68C /* DetailsView.swift in Sources */ = {isa = PBXBuildFile; fileRef = 842820322A9E13CD0042F68C /* DetailsView.swift */; };
		84337D0E2ABC1FA30092E100 /* SafeareaDemo.swift in Sources */ = {isa = PBXBuildFile; fileRef = 84337D0D2ABC1FA30092E100 /* SafeareaDemo.swift */; };
		846C32E42ADE635300A36CB6 /* AnimationDemo.swift in Sources */ = {isa = PBXBuildFile; fileRef = 846C32E32ADE635300A36CB6 /* AnimationDemo.swift */; };
		846C32E62ADEA35A00A36CB6 /* TransitionDemo.swift in Sources */ = {isa = PBXBuildFile; fileRef = 846C32E52ADEA35A00A36CB6 /* TransitionDemo.swift */; };
		84A078D22ABEABBB00D2944F /* SideMenuDemo.swift in Sources */ = {isa = PBXBuildFile; fileRef = 84A078D12ABEABBB00D2944F /* SideMenuDemo.swift */; };
		84A078D52ABEB07D00D2944F /* SideMenuView.swift in Sources */ = {isa = PBXBuildFile; fileRef = 84A078D42ABEB07D00D2944F /* SideMenuView.swift */; };
		84A078D72ABEB11100D2944F /* SideMenu.swift in Sources */ = {isa = PBXBuildFile; fileRef = 84A078D62ABEB11100D2944F /* SideMenu.swift */; };
		84A078D92ABEB15700D2944F /* HomeView.swift in Sources */ = {isa = PBXBuildFile; fileRef = 84A078D82ABEB15700D2944F /* HomeView.swift */; };
		84A078DB2ABEB1A300D2944F /* FavoriteView.swift in Sources */ = {isa = PBXBuildFile; fileRef = 84A078DA2ABEB1A300D2944F /* FavoriteView.swift */; };
		84A078DD2ABEB1CE00D2944F /* ChatView.swift in Sources */ = {isa = PBXBuildFile; fileRef = 84A078DC2ABEB1CE00D2944F /* ChatView.swift */; };
		84A078DF2ABEB1E400D2944F /* ProfileView.swift in Sources */ = {isa = PBXBuildFile; fileRef = 84A078DE2ABEB1E400D2944F /* ProfileView.swift */; };
		84A078E12ABEB23800D2944F /* MainTabbedView.swift in Sources */ = {isa = PBXBuildFile; fileRef = 84A078E02ABEB23800D2944F /* MainTabbedView.swift */; };
		84AF9A5F2A9DAEC00005D307 /* ListviewDemo.swift in Sources */ = {isa = PBXBuildFile; fileRef = 84AF9A5E2A9DAEC00005D307 /* ListviewDemo.swift */; };
		84B015172AB9652300A14F91 /* Demo1.swift in Sources */ = {isa = PBXBuildFile; fileRef = 84B015162AB9652300A14F91 /* Demo1.swift */; };
		84B015192AB99EE100A14F91 /* LazyGridDemo.swift in Sources */ = {isa = PBXBuildFile; fileRef = 84B015182AB99EE100A14F91 /* LazyGridDemo.swift */; };
		84B0151B2AB9BB3200A14F91 /* CoreDataDemo.swift in Sources */ = {isa = PBXBuildFile; fileRef = 84B0151A2AB9BB3200A14F91 /* CoreDataDemo.swift */; };
		84B0151E2AB9BBDD00A14F91 /* Users.xcdatamodeld in Sources */ = {isa = PBXBuildFile; fileRef = 84B0151C2AB9BBDD00A14F91 /* Users.xcdatamodeld */; };
		84B015202AB9BC6100A14F91 /* PersistenceController.swift in Sources */ = {isa = PBXBuildFile; fileRef = 84B0151F2AB9BC6100A14F91 /* PersistenceController.swift */; };
		84B015222AB9BCBB00A14F91 /* AddUser.swift in Sources */ = {isa = PBXBuildFile; fileRef = 84B015212AB9BCBB00A14F91 /* AddUser.swift */; };
		84B0BC472AAEE2AB00E86635 /* HomePage.swift in Sources */ = {isa = PBXBuildFile; fileRef = 84B0BC462AAEE2AB00E86635 /* HomePage.swift */; };
		84B6D2262ADFDA8100DB99CA /* API_IntegrationDemo.swift in Sources */ = {isa = PBXBuildFile; fileRef = 84B6D2252ADFDA8100DB99CA /* API_IntegrationDemo.swift */; };
		84B6D22B2ADFDAFC00DB99CA /* APIViewModel.swift in Sources */ = {isa = PBXBuildFile; fileRef = 84B6D22A2ADFDAFC00DB99CA /* APIViewModel.swift */; };
		84B6D22D2ADFDD7700DB99CA /* UserModel.swift in Sources */ = {isa = PBXBuildFile; fileRef = 84B6D22C2ADFDD7700DB99CA /* UserModel.swift */; };
		84D9E9EF2A970E1700E8173A /* SwiftUIDemoApp.swift in Sources */ = {isa = PBXBuildFile; fileRef = 84D9E9EE2A970E1700E8173A /* SwiftUIDemoApp.swift */; };
		84D9E9F12A970E1700E8173A /* ContentView.swift in Sources */ = {isa = PBXBuildFile; fileRef = 84D9E9F02A970E1700E8173A /* ContentView.swift */; };
		84D9E9F32A970E1900E8173A /* Assets.xcassets in Resources */ = {isa = PBXBuildFile; fileRef = 84D9E9F22A970E1900E8173A /* Assets.xcassets */; };
		84D9E9F62A970E1900E8173A /* Preview Assets.xcassets in Resources */ = {isa = PBXBuildFile; fileRef = 84D9E9F52A970E1900E8173A /* Preview Assets.xcassets */; };
		84D9EA002A970E1900E8173A /* SwiftUIDemoTests.swift in Sources */ = {isa = PBXBuildFile; fileRef = 84D9E9FF2A970E1900E8173A /* SwiftUIDemoTests.swift */; };
		84D9EA0A2A970E1900E8173A /* SwiftUIDemoUITests.swift in Sources */ = {isa = PBXBuildFile; fileRef = 84D9EA092A970E1900E8173A /* SwiftUIDemoUITests.swift */; };
		84D9EA0C2A970E1900E8173A /* SwiftUIDemoUITestsLaunchTests.swift in Sources */ = {isa = PBXBuildFile; fileRef = 84D9EA0B2A970E1900E8173A /* SwiftUIDemoUITestsLaunchTests.swift */; };
		84D9EA192A9718D000E8173A /* Nunito-Italic-VariableFont_wght.ttf in Resources */ = {isa = PBXBuildFile; fileRef = 84D9EA182A9718D000E8173A /* Nunito-Italic-VariableFont_wght.ttf */; };
		84E6C2FF2A9C589900015C16 /* Loginpage.swift in Sources */ = {isa = PBXBuildFile; fileRef = 84E6C2FE2A9C589900015C16 /* Loginpage.swift */; };
		84E85FB72A9880FE0066BC10 /* Common.swift in Sources */ = {isa = PBXBuildFile; fileRef = 84E85FB62A9880FE0066BC10 /* Common.swift */; };
		84FB13032ABD72830071E513 /* ExtractSubViewDemo.swift in Sources */ = {isa = PBXBuildFile; fileRef = 84FB13022ABD72830071E513 /* ExtractSubViewDemo.swift */; };
		84FB13052ABDAF150071E513 /* BindingPropertyDemo.swift in Sources */ = {isa = PBXBuildFile; fileRef = 84FB13042ABDAF150071E513 /* BindingPropertyDemo.swift */; };
		84FD6A962AB035E9009ED0C9 /* ShapesDemo.swift in Sources */ = {isa = PBXBuildFile; fileRef = 84FD6A952AB035E9009ED0C9 /* ShapesDemo.swift */; };
		A9F3A1302AE797E000CDFECF /* SheetDemo.swift in Sources */ = {isa = PBXBuildFile; fileRef = A9F3A12F2AE797E000CDFECF /* SheetDemo.swift */; };
		A9F3A1322AE7CE1A00CDFECF /* NavigationViewDemo.swift in Sources */ = {isa = PBXBuildFile; fileRef = A9F3A1312AE7CE1A00CDFECF /* NavigationViewDemo.swift */; };
/* End PBXBuildFile section */

/* Begin PBXContainerItemProxy section */
		84D9E9FC2A970E1900E8173A /* PBXContainerItemProxy */ = {
			isa = PBXContainerItemProxy;
			containerPortal = 84D9E9E32A970E1700E8173A /* Project object */;
			proxyType = 1;
			remoteGlobalIDString = 84D9E9EA2A970E1700E8173A;
			remoteInfo = SwiftUIDemo;
		};
		84D9EA062A970E1900E8173A /* PBXContainerItemProxy */ = {
			isa = PBXContainerItemProxy;
			containerPortal = 84D9E9E32A970E1700E8173A /* Project object */;
			proxyType = 1;
			remoteGlobalIDString = 84D9E9EA2A970E1700E8173A;
			remoteInfo = SwiftUIDemo;
		};
/* End PBXContainerItemProxy section */

/* Begin PBXFileReference section */
		8426CA3E2ABAD2F300600A98 /* CoreDataDemoViewModel.swift */ = {isa = PBXFileReference; lastKnownFileType = sourcecode.swift; path = CoreDataDemoViewModel.swift; sourceTree = "<group>"; };
		8426CA402ABB03B600600A98 /* VideoListViewModel.swift */ = {isa = PBXFileReference; lastKnownFileType = sourcecode.swift; path = VideoListViewModel.swift; sourceTree = "<group>"; };
		842820322A9E13CD0042F68C /* DetailsView.swift */ = {isa = PBXFileReference; lastKnownFileType = sourcecode.swift; path = DetailsView.swift; sourceTree = "<group>"; };
		84337D0D2ABC1FA30092E100 /* SafeareaDemo.swift */ = {isa = PBXFileReference; lastKnownFileType = sourcecode.swift; path = SafeareaDemo.swift; sourceTree = "<group>"; };
		846C32E32ADE635300A36CB6 /* AnimationDemo.swift */ = {isa = PBXFileReference; lastKnownFileType = sourcecode.swift; path = AnimationDemo.swift; sourceTree = "<group>"; };
		846C32E52ADEA35A00A36CB6 /* TransitionDemo.swift */ = {isa = PBXFileReference; lastKnownFileType = sourcecode.swift; path = TransitionDemo.swift; sourceTree = "<group>"; };
		84A078D12ABEABBB00D2944F /* SideMenuDemo.swift */ = {isa = PBXFileReference; lastKnownFileType = sourcecode.swift; path = SideMenuDemo.swift; sourceTree = "<group>"; };
		84A078D42ABEB07D00D2944F /* SideMenuView.swift */ = {isa = PBXFileReference; lastKnownFileType = sourcecode.swift; path = SideMenuView.swift; sourceTree = "<group>"; };
		84A078D62ABEB11100D2944F /* SideMenu.swift */ = {isa = PBXFileReference; lastKnownFileType = sourcecode.swift; path = SideMenu.swift; sourceTree = "<group>"; };
		84A078D82ABEB15700D2944F /* HomeView.swift */ = {isa = PBXFileReference; lastKnownFileType = sourcecode.swift; path = HomeView.swift; sourceTree = "<group>"; };
		84A078DA2ABEB1A300D2944F /* FavoriteView.swift */ = {isa = PBXFileReference; lastKnownFileType = sourcecode.swift; path = FavoriteView.swift; sourceTree = "<group>"; };
		84A078DC2ABEB1CE00D2944F /* ChatView.swift */ = {isa = PBXFileReference; lastKnownFileType = sourcecode.swift; path = ChatView.swift; sourceTree = "<group>"; };
		84A078DE2ABEB1E400D2944F /* ProfileView.swift */ = {isa = PBXFileReference; lastKnownFileType = sourcecode.swift; path = ProfileView.swift; sourceTree = "<group>"; };
		84A078E02ABEB23800D2944F /* MainTabbedView.swift */ = {isa = PBXFileReference; lastKnownFileType = sourcecode.swift; path = MainTabbedView.swift; sourceTree = "<group>"; };
		84AF9A5E2A9DAEC00005D307 /* ListviewDemo.swift */ = {isa = PBXFileReference; lastKnownFileType = sourcecode.swift; path = ListviewDemo.swift; sourceTree = "<group>"; };
		84B015162AB9652300A14F91 /* Demo1.swift */ = {isa = PBXFileReference; lastKnownFileType = sourcecode.swift; path = Demo1.swift; sourceTree = "<group>"; };
		84B015182AB99EE100A14F91 /* LazyGridDemo.swift */ = {isa = PBXFileReference; lastKnownFileType = sourcecode.swift; path = LazyGridDemo.swift; sourceTree = "<group>"; };
		84B0151A2AB9BB3200A14F91 /* CoreDataDemo.swift */ = {isa = PBXFileReference; lastKnownFileType = sourcecode.swift; path = CoreDataDemo.swift; sourceTree = "<group>"; };
		84B0151D2AB9BBDD00A14F91 /* Users.xcdatamodel */ = {isa = PBXFileReference; lastKnownFileType = wrapper.xcdatamodel; path = Users.xcdatamodel; sourceTree = "<group>"; };
		84B0151F2AB9BC6100A14F91 /* PersistenceController.swift */ = {isa = PBXFileReference; lastKnownFileType = sourcecode.swift; path = PersistenceController.swift; sourceTree = "<group>"; };
		84B015212AB9BCBB00A14F91 /* AddUser.swift */ = {isa = PBXFileReference; lastKnownFileType = sourcecode.swift; path = AddUser.swift; sourceTree = "<group>"; };
		84B0BC462AAEE2AB00E86635 /* HomePage.swift */ = {isa = PBXFileReference; lastKnownFileType = sourcecode.swift; path = HomePage.swift; sourceTree = "<group>"; };
		84B6D2252ADFDA8100DB99CA /* API_IntegrationDemo.swift */ = {isa = PBXFileReference; lastKnownFileType = sourcecode.swift; path = API_IntegrationDemo.swift; sourceTree = "<group>"; };
		84B6D22A2ADFDAFC00DB99CA /* APIViewModel.swift */ = {isa = PBXFileReference; lastKnownFileType = sourcecode.swift; path = APIViewModel.swift; sourceTree = "<group>"; };
		84B6D22C2ADFDD7700DB99CA /* UserModel.swift */ = {isa = PBXFileReference; lastKnownFileType = sourcecode.swift; path = UserModel.swift; sourceTree = "<group>"; };
		84D9E9EB2A970E1700E8173A /* SwiftUIDemo.app */ = {isa = PBXFileReference; explicitFileType = wrapper.application; includeInIndex = 0; path = SwiftUIDemo.app; sourceTree = BUILT_PRODUCTS_DIR; };
		84D9E9EE2A970E1700E8173A /* SwiftUIDemoApp.swift */ = {isa = PBXFileReference; lastKnownFileType = sourcecode.swift; path = SwiftUIDemoApp.swift; sourceTree = "<group>"; };
		84D9E9F02A970E1700E8173A /* ContentView.swift */ = {isa = PBXFileReference; lastKnownFileType = sourcecode.swift; path = ContentView.swift; sourceTree = "<group>"; };
		84D9E9F22A970E1900E8173A /* Assets.xcassets */ = {isa = PBXFileReference; lastKnownFileType = folder.assetcatalog; path = Assets.xcassets; sourceTree = "<group>"; };
		84D9E9F52A970E1900E8173A /* Preview Assets.xcassets */ = {isa = PBXFileReference; lastKnownFileType = folder.assetcatalog; path = "Preview Assets.xcassets"; sourceTree = "<group>"; };
		84D9E9FB2A970E1900E8173A /* SwiftUIDemoTests.xctest */ = {isa = PBXFileReference; explicitFileType = wrapper.cfbundle; includeInIndex = 0; path = SwiftUIDemoTests.xctest; sourceTree = BUILT_PRODUCTS_DIR; };
		84D9E9FF2A970E1900E8173A /* SwiftUIDemoTests.swift */ = {isa = PBXFileReference; lastKnownFileType = sourcecode.swift; path = SwiftUIDemoTests.swift; sourceTree = "<group>"; };
		84D9EA052A970E1900E8173A /* SwiftUIDemoUITests.xctest */ = {isa = PBXFileReference; explicitFileType = wrapper.cfbundle; includeInIndex = 0; path = SwiftUIDemoUITests.xctest; sourceTree = BUILT_PRODUCTS_DIR; };
		84D9EA092A970E1900E8173A /* SwiftUIDemoUITests.swift */ = {isa = PBXFileReference; lastKnownFileType = sourcecode.swift; path = SwiftUIDemoUITests.swift; sourceTree = "<group>"; };
		84D9EA0B2A970E1900E8173A /* SwiftUIDemoUITestsLaunchTests.swift */ = {isa = PBXFileReference; lastKnownFileType = sourcecode.swift; path = SwiftUIDemoUITestsLaunchTests.swift; sourceTree = "<group>"; };
		84D9EA182A9718D000E8173A /* Nunito-Italic-VariableFont_wght.ttf */ = {isa = PBXFileReference; lastKnownFileType = file; path = "Nunito-Italic-VariableFont_wght.ttf"; sourceTree = "<group>"; };
		84D9EA1A2A97219D00E8173A /* Info.plist */ = {isa = PBXFileReference; lastKnownFileType = text.plist; path = Info.plist; sourceTree = "<group>"; };
		84E6C2FE2A9C589900015C16 /* Loginpage.swift */ = {isa = PBXFileReference; lastKnownFileType = sourcecode.swift; path = Loginpage.swift; sourceTree = "<group>"; };
		84E85FB62A9880FE0066BC10 /* Common.swift */ = {isa = PBXFileReference; lastKnownFileType = sourcecode.swift; path = Common.swift; sourceTree = "<group>"; };
		84FB13022ABD72830071E513 /* ExtractSubViewDemo.swift */ = {isa = PBXFileReference; lastKnownFileType = sourcecode.swift; path = ExtractSubViewDemo.swift; sourceTree = "<group>"; };
		84FB13042ABDAF150071E513 /* BindingPropertyDemo.swift */ = {isa = PBXFileReference; lastKnownFileType = sourcecode.swift; path = BindingPropertyDemo.swift; sourceTree = "<group>"; };
		84FD6A952AB035E9009ED0C9 /* ShapesDemo.swift */ = {isa = PBXFileReference; lastKnownFileType = sourcecode.swift; path = ShapesDemo.swift; sourceTree = "<group>"; };
		A9F3A12F2AE797E000CDFECF /* SheetDemo.swift */ = {isa = PBXFileReference; lastKnownFileType = sourcecode.swift; path = SheetDemo.swift; sourceTree = "<group>"; };
		A9F3A1312AE7CE1A00CDFECF /* NavigationViewDemo.swift */ = {isa = PBXFileReference; lastKnownFileType = sourcecode.swift; path = NavigationViewDemo.swift; sourceTree = "<group>"; };
/* End PBXFileReference section */

/* Begin PBXFrameworksBuildPhase section */
		84D9E9E82A970E1700E8173A /* Frameworks */ = {
			isa = PBXFrameworksBuildPhase;
			buildActionMask = 2147483647;
			files = (
			);
			runOnlyForDeploymentPostprocessing = 0;
		};
		84D9E9F82A970E1900E8173A /* Frameworks */ = {
			isa = PBXFrameworksBuildPhase;
			buildActionMask = 2147483647;
			files = (
			);
			runOnlyForDeploymentPostprocessing = 0;
		};
		84D9EA022A970E1900E8173A /* Frameworks */ = {
			isa = PBXFrameworksBuildPhase;
			buildActionMask = 2147483647;
			files = (
			);
			runOnlyForDeploymentPostprocessing = 0;
		};
/* End PBXFrameworksBuildPhase section */

/* Begin PBXGroup section */
		8426CA3D2ABAD2B200600A98 /* ViewModels */ = {
			isa = PBXGroup;
			children = (
				8426CA3E2ABAD2F300600A98 /* CoreDataDemoViewModel.swift */,
				8426CA402ABB03B600600A98 /* VideoListViewModel.swift */,
				84B6D22A2ADFDAFC00DB99CA /* APIViewModel.swift */,
			);
			path = ViewModels;
			sourceTree = "<group>";
		};
		84A078D32ABEB06600D2944F /* Menu */ = {
			isa = PBXGroup;
			children = (
				84A078D12ABEABBB00D2944F /* SideMenuDemo.swift */,
				84A078D42ABEB07D00D2944F /* SideMenuView.swift */,
				84A078D62ABEB11100D2944F /* SideMenu.swift */,
				84A078D82ABEB15700D2944F /* HomeView.swift */,
				84A078DA2ABEB1A300D2944F /* FavoriteView.swift */,
				84A078DC2ABEB1CE00D2944F /* ChatView.swift */,
				84A078DE2ABEB1E400D2944F /* ProfileView.swift */,
				84A078E02ABEB23800D2944F /* MainTabbedView.swift */,
			);
			path = Menu;
			sourceTree = "<group>";
		};
		84AF9A5B2A9DA27A0005D307 /* Common */ = {
			isa = PBXGroup;
			children = (
				84E85FB62A9880FE0066BC10 /* Common.swift */,
				84B0151F2AB9BC6100A14F91 /* PersistenceController.swift */,
			);
			path = Common;
			sourceTree = "<group>";
		};
		84AF9A5C2A9DA29C0005D307 /* Views */ = {
			isa = PBXGroup;
			children = (
				84A078D32ABEB06600D2944F /* Menu */,
				84D9E9F02A970E1700E8173A /* ContentView.swift */,
				84E6C2FE2A9C589900015C16 /* Loginpage.swift */,
				84AF9A5E2A9DAEC00005D307 /* ListviewDemo.swift */,
				842820322A9E13CD0042F68C /* DetailsView.swift */,
				84B0BC462AAEE2AB00E86635 /* HomePage.swift */,
				84FD6A952AB035E9009ED0C9 /* ShapesDemo.swift */,
				84B015162AB9652300A14F91 /* Demo1.swift */,
				84B015182AB99EE100A14F91 /* LazyGridDemo.swift */,
				84B0151A2AB9BB3200A14F91 /* CoreDataDemo.swift */,
				84B015212AB9BCBB00A14F91 /* AddUser.swift */,
				84337D0D2ABC1FA30092E100 /* SafeareaDemo.swift */,
				84FB13022ABD72830071E513 /* ExtractSubViewDemo.swift */,
				84FB13042ABDAF150071E513 /* BindingPropertyDemo.swift */,
				846C32E32ADE635300A36CB6 /* AnimationDemo.swift */,
				846C32E52ADEA35A00A36CB6 /* TransitionDemo.swift */,
				84B6D2252ADFDA8100DB99CA /* API_IntegrationDemo.swift */,
				A9F3A12F2AE797E000CDFECF /* SheetDemo.swift */,
				A9F3A1312AE7CE1A00CDFECF /* NavigationViewDemo.swift */,
			);
			path = Views;
			sourceTree = "<group>";
		};
		84AF9A5D2A9DA2D50005D307 /* Fonts */ = {
			isa = PBXGroup;
			children = (
				84D9EA182A9718D000E8173A /* Nunito-Italic-VariableFont_wght.ttf */,
			);
			path = Fonts;
			sourceTree = "<group>";
		};
		84B6D2272ADFDA9000DB99CA /* Model */ = {
			isa = PBXGroup;
			children = (
				84B6D22C2ADFDD7700DB99CA /* UserModel.swift */,
			);
			path = Model;
			sourceTree = "<group>";
		};
		84D9E9E22A970E1700E8173A = {
			isa = PBXGroup;
			children = (
				84B0151C2AB9BBDD00A14F91 /* Users.xcdatamodeld */,
				84D9E9ED2A970E1700E8173A /* SwiftUIDemo */,
				84D9E9FE2A970E1900E8173A /* SwiftUIDemoTests */,
				84D9EA082A970E1900E8173A /* SwiftUIDemoUITests */,
				84D9E9EC2A970E1700E8173A /* Products */,
			);
			sourceTree = "<group>";
		};
		84D9E9EC2A970E1700E8173A /* Products */ = {
			isa = PBXGroup;
			children = (
				84D9E9EB2A970E1700E8173A /* SwiftUIDemo.app */,
				84D9E9FB2A970E1900E8173A /* SwiftUIDemoTests.xctest */,
				84D9EA052A970E1900E8173A /* SwiftUIDemoUITests.xctest */,
			);
			name = Products;
			sourceTree = "<group>";
		};
		84D9E9ED2A970E1700E8173A /* SwiftUIDemo */ = {
			isa = PBXGroup;
			children = (
				84B6D2272ADFDA9000DB99CA /* Model */,
				8426CA3D2ABAD2B200600A98 /* ViewModels */,
				84AF9A5D2A9DA2D50005D307 /* Fonts */,
				84AF9A5B2A9DA27A0005D307 /* Common */,
				84AF9A5C2A9DA29C0005D307 /* Views */,
				84D9EA1A2A97219D00E8173A /* Info.plist */,
				84D9E9EE2A970E1700E8173A /* SwiftUIDemoApp.swift */,
				84D9E9F22A970E1900E8173A /* Assets.xcassets */,
				84D9E9F42A970E1900E8173A /* Preview Content */,
			);
			path = SwiftUIDemo;
			sourceTree = "<group>";
		};
		84D9E9F42A970E1900E8173A /* Preview Content */ = {
			isa = PBXGroup;
			children = (
				84D9E9F52A970E1900E8173A /* Preview Assets.xcassets */,
			);
			path = "Preview Content";
			sourceTree = "<group>";
		};
		84D9E9FE2A970E1900E8173A /* SwiftUIDemoTests */ = {
			isa = PBXGroup;
			children = (
				84D9E9FF2A970E1900E8173A /* SwiftUIDemoTests.swift */,
			);
			path = SwiftUIDemoTests;
			sourceTree = "<group>";
		};
		84D9EA082A970E1900E8173A /* SwiftUIDemoUITests */ = {
			isa = PBXGroup;
			children = (
				84D9EA092A970E1900E8173A /* SwiftUIDemoUITests.swift */,
				84D9EA0B2A970E1900E8173A /* SwiftUIDemoUITestsLaunchTests.swift */,
			);
			path = SwiftUIDemoUITests;
			sourceTree = "<group>";
		};
/* End PBXGroup section */

/* Begin PBXNativeTarget section */
		84D9E9EA2A970E1700E8173A /* SwiftUIDemo */ = {
			isa = PBXNativeTarget;
			buildConfigurationList = 84D9EA0F2A970E1900E8173A /* Build configuration list for PBXNativeTarget "SwiftUIDemo" */;
			buildPhases = (
				84D9E9E72A970E1700E8173A /* Sources */,
				84D9E9E82A970E1700E8173A /* Frameworks */,
				84D9E9E92A970E1700E8173A /* Resources */,
			);
			buildRules = (
			);
			dependencies = (
			);
			name = SwiftUIDemo;
			productName = SwiftUIDemo;
			productReference = 84D9E9EB2A970E1700E8173A /* SwiftUIDemo.app */;
			productType = "com.apple.product-type.application";
		};
		84D9E9FA2A970E1900E8173A /* SwiftUIDemoTests */ = {
			isa = PBXNativeTarget;
			buildConfigurationList = 84D9EA122A970E1900E8173A /* Build configuration list for PBXNativeTarget "SwiftUIDemoTests" */;
			buildPhases = (
				84D9E9F72A970E1900E8173A /* Sources */,
				84D9E9F82A970E1900E8173A /* Frameworks */,
				84D9E9F92A970E1900E8173A /* Resources */,
			);
			buildRules = (
			);
			dependencies = (
				84D9E9FD2A970E1900E8173A /* PBXTargetDependency */,
			);
			name = SwiftUIDemoTests;
			productName = SwiftUIDemoTests;
			productReference = 84D9E9FB2A970E1900E8173A /* SwiftUIDemoTests.xctest */;
			productType = "com.apple.product-type.bundle.unit-test";
		};
		84D9EA042A970E1900E8173A /* SwiftUIDemoUITests */ = {
			isa = PBXNativeTarget;
			buildConfigurationList = 84D9EA152A970E1900E8173A /* Build configuration list for PBXNativeTarget "SwiftUIDemoUITests" */;
			buildPhases = (
				84D9EA012A970E1900E8173A /* Sources */,
				84D9EA022A970E1900E8173A /* Frameworks */,
				84D9EA032A970E1900E8173A /* Resources */,
			);
			buildRules = (
			);
			dependencies = (
				84D9EA072A970E1900E8173A /* PBXTargetDependency */,
			);
			name = SwiftUIDemoUITests;
			productName = SwiftUIDemoUITests;
			productReference = 84D9EA052A970E1900E8173A /* SwiftUIDemoUITests.xctest */;
			productType = "com.apple.product-type.bundle.ui-testing";
		};
/* End PBXNativeTarget section */

/* Begin PBXProject section */
		84D9E9E32A970E1700E8173A /* Project object */ = {
			isa = PBXProject;
			attributes = {
				BuildIndependentTargetsInParallel = 1;
				LastSwiftUpdateCheck = 1340;
				LastUpgradeCheck = 1340;
				TargetAttributes = {
					84D9E9EA2A970E1700E8173A = {
						CreatedOnToolsVersion = 13.4.1;
					};
					84D9E9FA2A970E1900E8173A = {
						CreatedOnToolsVersion = 13.4.1;
						TestTargetID = 84D9E9EA2A970E1700E8173A;
					};
					84D9EA042A970E1900E8173A = {
						CreatedOnToolsVersion = 13.4.1;
						TestTargetID = 84D9E9EA2A970E1700E8173A;
					};
				};
			};
			buildConfigurationList = 84D9E9E62A970E1700E8173A /* Build configuration list for PBXProject "SwiftUIDemo" */;
			compatibilityVersion = "Xcode 13.0";
			developmentRegion = en;
			hasScannedForEncodings = 0;
			knownRegions = (
				en,
				Base,
			);
			mainGroup = 84D9E9E22A970E1700E8173A;
			productRefGroup = 84D9E9EC2A970E1700E8173A /* Products */;
			projectDirPath = "";
			projectRoot = "";
			targets = (
				84D9E9EA2A970E1700E8173A /* SwiftUIDemo */,
				84D9E9FA2A970E1900E8173A /* SwiftUIDemoTests */,
				84D9EA042A970E1900E8173A /* SwiftUIDemoUITests */,
			);
		};
/* End PBXProject section */

/* Begin PBXResourcesBuildPhase section */
		84D9E9E92A970E1700E8173A /* Resources */ = {
			isa = PBXResourcesBuildPhase;
			buildActionMask = 2147483647;
			files = (
				84D9E9F62A970E1900E8173A /* Preview Assets.xcassets in Resources */,
				84D9EA192A9718D000E8173A /* Nunito-Italic-VariableFont_wght.ttf in Resources */,
				84D9E9F32A970E1900E8173A /* Assets.xcassets in Resources */,
			);
			runOnlyForDeploymentPostprocessing = 0;
		};
		84D9E9F92A970E1900E8173A /* Resources */ = {
			isa = PBXResourcesBuildPhase;
			buildActionMask = 2147483647;
			files = (
			);
			runOnlyForDeploymentPostprocessing = 0;
		};
		84D9EA032A970E1900E8173A /* Resources */ = {
			isa = PBXResourcesBuildPhase;
			buildActionMask = 2147483647;
			files = (
			);
			runOnlyForDeploymentPostprocessing = 0;
		};
/* End PBXResourcesBuildPhase section */

/* Begin PBXSourcesBuildPhase section */
		84D9E9E72A970E1700E8173A /* Sources */ = {
			isa = PBXSourcesBuildPhase;
			buildActionMask = 2147483647;
			files = (
				84B015172AB9652300A14F91 /* Demo1.swift in Sources */,
				8426CA412ABB03B600600A98 /* VideoListViewModel.swift in Sources */,
				84B015202AB9BC6100A14F91 /* PersistenceController.swift in Sources */,
				84337D0E2ABC1FA30092E100 /* SafeareaDemo.swift in Sources */,
				84FB13032ABD72830071E513 /* ExtractSubViewDemo.swift in Sources */,
				A9F3A1302AE797E000CDFECF /* SheetDemo.swift in Sources */,
				84B0151B2AB9BB3200A14F91 /* CoreDataDemo.swift in Sources */,
				84E6C2FF2A9C589900015C16 /* Loginpage.swift in Sources */,
				846C32E42ADE635300A36CB6 /* AnimationDemo.swift in Sources */,
				846C32E62ADEA35A00A36CB6 /* TransitionDemo.swift in Sources */,
				84B6D22D2ADFDD7700DB99CA /* UserModel.swift in Sources */,
				842820332A9E13CD0042F68C /* DetailsView.swift in Sources */,
				84B6D2262ADFDA8100DB99CA /* API_IntegrationDemo.swift in Sources */,
				84A078D22ABEABBB00D2944F /* SideMenuDemo.swift in Sources */,
				84FD6A962AB035E9009ED0C9 /* ShapesDemo.swift in Sources */,
				84B015192AB99EE100A14F91 /* LazyGridDemo.swift in Sources */,
				84A078D72ABEB11100D2944F /* SideMenu.swift in Sources */,
				84D9E9F12A970E1700E8173A /* ContentView.swift in Sources */,
				84B015222AB9BCBB00A14F91 /* AddUser.swift in Sources */,
				84A078DF2ABEB1E400D2944F /* ProfileView.swift in Sources */,
				84B6D22B2ADFDAFC00DB99CA /* APIViewModel.swift in Sources */,
				8426CA3F2ABAD2F300600A98 /* CoreDataDemoViewModel.swift in Sources */,
				84AF9A5F2A9DAEC00005D307 /* ListviewDemo.swift in Sources */,
				84A078E12ABEB23800D2944F /* MainTabbedView.swift in Sources */,
				84A078DB2ABEB1A300D2944F /* FavoriteView.swift in Sources */,
				84A078DD2ABEB1CE00D2944F /* ChatView.swift in Sources */,
				84A078D52ABEB07D00D2944F /* SideMenuView.swift in Sources */,
				84B0151E2AB9BBDD00A14F91 /* Users.xcdatamodeld in Sources */,
				84D9E9EF2A970E1700E8173A /* SwiftUIDemoApp.swift in Sources */,
				A9F3A1322AE7CE1A00CDFECF /* NavigationViewDemo.swift in Sources */,
				84FB13052ABDAF150071E513 /* BindingPropertyDemo.swift in Sources */,
				84E85FB72A9880FE0066BC10 /* Common.swift in Sources */,
				84A078D92ABEB15700D2944F /* HomeView.swift in Sources */,
				84B0BC472AAEE2AB00E86635 /* HomePage.swift in Sources */,
			);
			runOnlyForDeploymentPostprocessing = 0;
		};
		84D9E9F72A970E1900E8173A /* Sources */ = {
			isa = PBXSourcesBuildPhase;
			buildActionMask = 2147483647;
			files = (
				84D9EA002A970E1900E8173A /* SwiftUIDemoTests.swift in Sources */,
			);
			runOnlyForDeploymentPostprocessing = 0;
		};
		84D9EA012A970E1900E8173A /* Sources */ = {
			isa = PBXSourcesBuildPhase;
			buildActionMask = 2147483647;
			files = (
				84D9EA0A2A970E1900E8173A /* SwiftUIDemoUITests.swift in Sources */,
				84D9EA0C2A970E1900E8173A /* SwiftUIDemoUITestsLaunchTests.swift in Sources */,
			);
			runOnlyForDeploymentPostprocessing = 0;
		};
/* End PBXSourcesBuildPhase section */

/* Begin PBXTargetDependency section */
		84D9E9FD2A970E1900E8173A /* PBXTargetDependency */ = {
			isa = PBXTargetDependency;
			target = 84D9E9EA2A970E1700E8173A /* SwiftUIDemo */;
			targetProxy = 84D9E9FC2A970E1900E8173A /* PBXContainerItemProxy */;
		};
		84D9EA072A970E1900E8173A /* PBXTargetDependency */ = {
			isa = PBXTargetDependency;
			target = 84D9E9EA2A970E1700E8173A /* SwiftUIDemo */;
			targetProxy = 84D9EA062A970E1900E8173A /* PBXContainerItemProxy */;
		};
/* End PBXTargetDependency section */

/* Begin XCBuildConfiguration section */
		84D9EA0D2A970E1900E8173A /* Debug */ = {
			isa = XCBuildConfiguration;
			buildSettings = {
				ALWAYS_SEARCH_USER_PATHS = NO;
				CLANG_ANALYZER_NONNULL = YES;
				CLANG_ANALYZER_NUMBER_OBJECT_CONVERSION = YES_AGGRESSIVE;
				CLANG_CXX_LANGUAGE_STANDARD = "gnu++17";
				CLANG_ENABLE_MODULES = YES;
				CLANG_ENABLE_OBJC_ARC = YES;
				CLANG_ENABLE_OBJC_WEAK = YES;
				CLANG_WARN_BLOCK_CAPTURE_AUTORELEASING = YES;
				CLANG_WARN_BOOL_CONVERSION = YES;
				CLANG_WARN_COMMA = YES;
				CLANG_WARN_CONSTANT_CONVERSION = YES;
				CLANG_WARN_DEPRECATED_OBJC_IMPLEMENTATIONS = YES;
				CLANG_WARN_DIRECT_OBJC_ISA_USAGE = YES_ERROR;
				CLANG_WARN_DOCUMENTATION_COMMENTS = YES;
				CLANG_WARN_EMPTY_BODY = YES;
				CLANG_WARN_ENUM_CONVERSION = YES;
				CLANG_WARN_INFINITE_RECURSION = YES;
				CLANG_WARN_INT_CONVERSION = YES;
				CLANG_WARN_NON_LITERAL_NULL_CONVERSION = YES;
				CLANG_WARN_OBJC_IMPLICIT_RETAIN_SELF = YES;
				CLANG_WARN_OBJC_LITERAL_CONVERSION = YES;
				CLANG_WARN_OBJC_ROOT_CLASS = YES_ERROR;
				CLANG_WARN_QUOTED_INCLUDE_IN_FRAMEWORK_HEADER = YES;
				CLANG_WARN_RANGE_LOOP_ANALYSIS = YES;
				CLANG_WARN_STRICT_PROTOTYPES = YES;
				CLANG_WARN_SUSPICIOUS_MOVE = YES;
				CLANG_WARN_UNGUARDED_AVAILABILITY = YES_AGGRESSIVE;
				CLANG_WARN_UNREACHABLE_CODE = YES;
				CLANG_WARN__DUPLICATE_METHOD_MATCH = YES;
				COPY_PHASE_STRIP = NO;
				DEBUG_INFORMATION_FORMAT = dwarf;
				ENABLE_STRICT_OBJC_MSGSEND = YES;
				ENABLE_TESTABILITY = YES;
				GCC_C_LANGUAGE_STANDARD = gnu11;
				GCC_DYNAMIC_NO_PIC = NO;
				GCC_NO_COMMON_BLOCKS = YES;
				GCC_OPTIMIZATION_LEVEL = 0;
				GCC_PREPROCESSOR_DEFINITIONS = (
					"DEBUG=1",
					"$(inherited)",
				);
				GCC_WARN_64_TO_32_BIT_CONVERSION = YES;
				GCC_WARN_ABOUT_RETURN_TYPE = YES_ERROR;
				GCC_WARN_UNDECLARED_SELECTOR = YES;
				GCC_WARN_UNINITIALIZED_AUTOS = YES_AGGRESSIVE;
				GCC_WARN_UNUSED_FUNCTION = YES;
				GCC_WARN_UNUSED_VARIABLE = YES;
				IPHONEOS_DEPLOYMENT_TARGET = 15.5;
				MTL_ENABLE_DEBUG_INFO = INCLUDE_SOURCE;
				MTL_FAST_MATH = YES;
				ONLY_ACTIVE_ARCH = YES;
				SDKROOT = iphoneos;
				SWIFT_ACTIVE_COMPILATION_CONDITIONS = DEBUG;
				SWIFT_OPTIMIZATION_LEVEL = "-Onone";
			};
			name = Debug;
		};
		84D9EA0E2A970E1900E8173A /* Release */ = {
			isa = XCBuildConfiguration;
			buildSettings = {
				ALWAYS_SEARCH_USER_PATHS = NO;
				CLANG_ANALYZER_NONNULL = YES;
				CLANG_ANALYZER_NUMBER_OBJECT_CONVERSION = YES_AGGRESSIVE;
				CLANG_CXX_LANGUAGE_STANDARD = "gnu++17";
				CLANG_ENABLE_MODULES = YES;
				CLANG_ENABLE_OBJC_ARC = YES;
				CLANG_ENABLE_OBJC_WEAK = YES;
				CLANG_WARN_BLOCK_CAPTURE_AUTORELEASING = YES;
				CLANG_WARN_BOOL_CONVERSION = YES;
				CLANG_WARN_COMMA = YES;
				CLANG_WARN_CONSTANT_CONVERSION = YES;
				CLANG_WARN_DEPRECATED_OBJC_IMPLEMENTATIONS = YES;
				CLANG_WARN_DIRECT_OBJC_ISA_USAGE = YES_ERROR;
				CLANG_WARN_DOCUMENTATION_COMMENTS = YES;
				CLANG_WARN_EMPTY_BODY = YES;
				CLANG_WARN_ENUM_CONVERSION = YES;
				CLANG_WARN_INFINITE_RECURSION = YES;
				CLANG_WARN_INT_CONVERSION = YES;
				CLANG_WARN_NON_LITERAL_NULL_CONVERSION = YES;
				CLANG_WARN_OBJC_IMPLICIT_RETAIN_SELF = YES;
				CLANG_WARN_OBJC_LITERAL_CONVERSION = YES;
				CLANG_WARN_OBJC_ROOT_CLASS = YES_ERROR;
				CLANG_WARN_QUOTED_INCLUDE_IN_FRAMEWORK_HEADER = YES;
				CLANG_WARN_RANGE_LOOP_ANALYSIS = YES;
				CLANG_WARN_STRICT_PROTOTYPES = YES;
				CLANG_WARN_SUSPICIOUS_MOVE = YES;
				CLANG_WARN_UNGUARDED_AVAILABILITY = YES_AGGRESSIVE;
				CLANG_WARN_UNREACHABLE_CODE = YES;
				CLANG_WARN__DUPLICATE_METHOD_MATCH = YES;
				COPY_PHASE_STRIP = NO;
				DEBUG_INFORMATION_FORMAT = "dwarf-with-dsym";
				ENABLE_NS_ASSERTIONS = NO;
				ENABLE_STRICT_OBJC_MSGSEND = YES;
				GCC_C_LANGUAGE_STANDARD = gnu11;
				GCC_NO_COMMON_BLOCKS = YES;
				GCC_WARN_64_TO_32_BIT_CONVERSION = YES;
				GCC_WARN_ABOUT_RETURN_TYPE = YES_ERROR;
				GCC_WARN_UNDECLARED_SELECTOR = YES;
				GCC_WARN_UNINITIALIZED_AUTOS = YES_AGGRESSIVE;
				GCC_WARN_UNUSED_FUNCTION = YES;
				GCC_WARN_UNUSED_VARIABLE = YES;
				IPHONEOS_DEPLOYMENT_TARGET = 15.5;
				MTL_ENABLE_DEBUG_INFO = NO;
				MTL_FAST_MATH = YES;
				SDKROOT = iphoneos;
				SWIFT_COMPILATION_MODE = wholemodule;
				SWIFT_OPTIMIZATION_LEVEL = "-O";
				VALIDATE_PRODUCT = YES;
			};
			name = Release;
		};
		84D9EA102A970E1900E8173A /* Debug */ = {
			isa = XCBuildConfiguration;
			buildSettings = {
				ASSETCATALOG_COMPILER_APPICON_NAME = AppIcon;
				ASSETCATALOG_COMPILER_GLOBAL_ACCENT_COLOR_NAME = AccentColor;
				CODE_SIGN_STYLE = Automatic;
				CURRENT_PROJECT_VERSION = 1;
				DEVELOPMENT_ASSET_PATHS = "\"SwiftUIDemo/Preview Content\"";
				DEVELOPMENT_TEAM = 2SMY6XRGYB;
				ENABLE_PREVIEWS = YES;
				GENERATE_INFOPLIST_FILE = YES;
				INFOPLIST_FILE = SwiftUIDemo/Info.plist;
				INFOPLIST_KEY_UIApplicationSceneManifest_Generation = YES;
				INFOPLIST_KEY_UIApplicationSupportsIndirectInputEvents = YES;
				INFOPLIST_KEY_UILaunchScreen_Generation = YES;
				INFOPLIST_KEY_UISupportedInterfaceOrientations_iPad = "UIInterfaceOrientationPortrait UIInterfaceOrientationPortraitUpsideDown UIInterfaceOrientationLandscapeLeft UIInterfaceOrientationLandscapeRight";
				INFOPLIST_KEY_UISupportedInterfaceOrientations_iPhone = "UIInterfaceOrientationPortrait UIInterfaceOrientationLandscapeLeft UIInterfaceOrientationLandscapeRight";
				LD_RUNPATH_SEARCH_PATHS = (
					"$(inherited)",
					"@executable_path/Frameworks",
				);
				MARKETING_VERSION = 1.0;
				PRODUCT_BUNDLE_IDENTIFIER = com.prakash.SwiftUIDemo;
				PRODUCT_NAME = "$(TARGET_NAME)";
				SWIFT_EMIT_LOC_STRINGS = YES;
				SWIFT_VERSION = 5.0;
				TARGETED_DEVICE_FAMILY = "1,2";
			};
			name = Debug;
		};
		84D9EA112A970E1900E8173A /* Release */ = {
			isa = XCBuildConfiguration;
			buildSettings = {
				ASSETCATALOG_COMPILER_APPICON_NAME = AppIcon;
				ASSETCATALOG_COMPILER_GLOBAL_ACCENT_COLOR_NAME = AccentColor;
				CODE_SIGN_STYLE = Automatic;
				CURRENT_PROJECT_VERSION = 1;
				DEVELOPMENT_ASSET_PATHS = "\"SwiftUIDemo/Preview Content\"";
				DEVELOPMENT_TEAM = 2SMY6XRGYB;
				ENABLE_PREVIEWS = YES;
				GENERATE_INFOPLIST_FILE = YES;
				INFOPLIST_FILE = SwiftUIDemo/Info.plist;
				INFOPLIST_KEY_UIApplicationSceneManifest_Generation = YES;
				INFOPLIST_KEY_UIApplicationSupportsIndirectInputEvents = YES;
				INFOPLIST_KEY_UILaunchScreen_Generation = YES;
				INFOPLIST_KEY_UISupportedInterfaceOrientations_iPad = "UIInterfaceOrientationPortrait UIInterfaceOrientationPortraitUpsideDown UIInterfaceOrientationLandscapeLeft UIInterfaceOrientationLandscapeRight";
				INFOPLIST_KEY_UISupportedInterfaceOrientations_iPhone = "UIInterfaceOrientationPortrait UIInterfaceOrientationLandscapeLeft UIInterfaceOrientationLandscapeRight";
				LD_RUNPATH_SEARCH_PATHS = (
					"$(inherited)",
					"@executable_path/Frameworks",
				);
				MARKETING_VERSION = 1.0;
				PRODUCT_BUNDLE_IDENTIFIER = com.prakash.SwiftUIDemo;
				PRODUCT_NAME = "$(TARGET_NAME)";
				SWIFT_EMIT_LOC_STRINGS = YES;
				SWIFT_VERSION = 5.0;
				TARGETED_DEVICE_FAMILY = "1,2";
			};
			name = Release;
		};
		84D9EA132A970E1900E8173A /* Debug */ = {
			isa = XCBuildConfiguration;
			buildSettings = {
				ALWAYS_EMBED_SWIFT_STANDARD_LIBRARIES = YES;
				BUNDLE_LOADER = "$(TEST_HOST)";
				CODE_SIGN_STYLE = Automatic;
				CURRENT_PROJECT_VERSION = 1;
				GENERATE_INFOPLIST_FILE = YES;
				IPHONEOS_DEPLOYMENT_TARGET = 15.5;
				MARKETING_VERSION = 1.0;
				PRODUCT_BUNDLE_IDENTIFIER = com.prakash.SwiftUIDemoTests;
				PRODUCT_NAME = "$(TARGET_NAME)";
				SWIFT_EMIT_LOC_STRINGS = NO;
				SWIFT_VERSION = 5.0;
				TARGETED_DEVICE_FAMILY = "1,2";
				TEST_HOST = "$(BUILT_PRODUCTS_DIR)/SwiftUIDemo.app/SwiftUIDemo";
			};
			name = Debug;
		};
		84D9EA142A970E1900E8173A /* Release */ = {
			isa = XCBuildConfiguration;
			buildSettings = {
				ALWAYS_EMBED_SWIFT_STANDARD_LIBRARIES = YES;
				BUNDLE_LOADER = "$(TEST_HOST)";
				CODE_SIGN_STYLE = Automatic;
				CURRENT_PROJECT_VERSION = 1;
				GENERATE_INFOPLIST_FILE = YES;
				IPHONEOS_DEPLOYMENT_TARGET = 15.5;
				MARKETING_VERSION = 1.0;
				PRODUCT_BUNDLE_IDENTIFIER = com.prakash.SwiftUIDemoTests;
				PRODUCT_NAME = "$(TARGET_NAME)";
				SWIFT_EMIT_LOC_STRINGS = NO;
				SWIFT_VERSION = 5.0;
				TARGETED_DEVICE_FAMILY = "1,2";
				TEST_HOST = "$(BUILT_PRODUCTS_DIR)/SwiftUIDemo.app/SwiftUIDemo";
			};
			name = Release;
		};
		84D9EA162A970E1900E8173A /* Debug */ = {
			isa = XCBuildConfiguration;
			buildSettings = {
				ALWAYS_EMBED_SWIFT_STANDARD_LIBRARIES = YES;
				CODE_SIGN_STYLE = Automatic;
				CURRENT_PROJECT_VERSION = 1;
				GENERATE_INFOPLIST_FILE = YES;
				MARKETING_VERSION = 1.0;
				PRODUCT_BUNDLE_IDENTIFIER = com.prakash.SwiftUIDemoUITests;
				PRODUCT_NAME = "$(TARGET_NAME)";
				SWIFT_EMIT_LOC_STRINGS = NO;
				SWIFT_VERSION = 5.0;
				TARGETED_DEVICE_FAMILY = "1,2";
				TEST_TARGET_NAME = SwiftUIDemo;
			};
			name = Debug;
		};
		84D9EA172A970E1900E8173A /* Release */ = {
			isa = XCBuildConfiguration;
			buildSettings = {
				ALWAYS_EMBED_SWIFT_STANDARD_LIBRARIES = YES;
				CODE_SIGN_STYLE = Automatic;
				CURRENT_PROJECT_VERSION = 1;
				GENERATE_INFOPLIST_FILE = YES;
				MARKETING_VERSION = 1.0;
				PRODUCT_BUNDLE_IDENTIFIER = com.prakash.SwiftUIDemoUITests;
				PRODUCT_NAME = "$(TARGET_NAME)";
				SWIFT_EMIT_LOC_STRINGS = NO;
				SWIFT_VERSION = 5.0;
				TARGETED_DEVICE_FAMILY = "1,2";
				TEST_TARGET_NAME = SwiftUIDemo;
			};
			name = Release;
		};
/* End XCBuildConfiguration section */

/* Begin XCConfigurationList section */
		84D9E9E62A970E1700E8173A /* Build configuration list for PBXProject "SwiftUIDemo" */ = {
			isa = XCConfigurationList;
			buildConfigurations = (
				84D9EA0D2A970E1900E8173A /* Debug */,
				84D9EA0E2A970E1900E8173A /* Release */,
			);
			defaultConfigurationIsVisible = 0;
			defaultConfigurationName = Release;
		};
		84D9EA0F2A970E1900E8173A /* Build configuration list for PBXNativeTarget "SwiftUIDemo" */ = {
			isa = XCConfigurationList;
			buildConfigurations = (
				84D9EA102A970E1900E8173A /* Debug */,
				84D9EA112A970E1900E8173A /* Release */,
			);
			defaultConfigurationIsVisible = 0;
			defaultConfigurationName = Release;
		};
		84D9EA122A970E1900E8173A /* Build configuration list for PBXNativeTarget "SwiftUIDemoTests" */ = {
			isa = XCConfigurationList;
			buildConfigurations = (
				84D9EA132A970E1900E8173A /* Debug */,
				84D9EA142A970E1900E8173A /* Release */,
			);
			defaultConfigurationIsVisible = 0;
			defaultConfigurationName = Release;
		};
		84D9EA152A970E1900E8173A /* Build configuration list for PBXNativeTarget "SwiftUIDemoUITests" */ = {
			isa = XCConfigurationList;
			buildConfigurations = (
				84D9EA162A970E1900E8173A /* Debug */,
				84D9EA172A970E1900E8173A /* Release */,
			);
			defaultConfigurationIsVisible = 0;
			defaultConfigurationName = Release;
		};
/* End XCConfigurationList section */

/* Begin XCVersionGroup section */
		84B0151C2AB9BBDD00A14F91 /* Users.xcdatamodeld */ = {
			isa = XCVersionGroup;
			children = (
				84B0151D2AB9BBDD00A14F91 /* Users.xcdatamodel */,
			);
			currentVersion = 84B0151D2AB9BBDD00A14F91 /* Users.xcdatamodel */;
			path = Users.xcdatamodeld;
			sourceTree = "<group>";
			versionGroupType = wrapper.xcdatamodel;
		};
/* End XCVersionGroup section */
	};
	rootObject = 84D9E9E32A970E1700E8173A /* Project object */;
}
